<?xml version="1.0" encoding="utf-8"?>
<Project ToolsVersion="4.0" xmlns="http://schemas.microsoft.com/developer/msbuild/2003">
  <ItemGroup>
    <Filter Include="Source Files">
      <UniqueIdentifier>{4FC737F1-C7A5-4376-A066-2A32D752A2FF}</UniqueIdentifier>
      <Extensions>cpp;c;cc;cxx;def;odl;idl;hpj;bat;asm;asmx</Extensions>
    </Filter>
    <Filter Include="Header Files">
      <UniqueIdentifier>{93995380-89BD-4b04-88EB-625FBE52EBFB}</UniqueIdentifier>
      <Extensions>h;hpp;hxx;hm;inl;inc;xsd</Extensions>
    </Filter>
    <Filter Include="Resource Files">
      <UniqueIdentifier>{67DA6AB6-F800-4c08-8B7A-83BB121AAD01}</UniqueIdentifier>
      <Extensions>rc;ico;cur;bmp;dlg;rc2;rct;bin;rgs;gif;jpg;jpeg;jpe;resx;tiff;tif;png;wav;mfcribbon-ms</Extensions>
    </Filter>
  </ItemGroup>
  <ItemGroup>
    <ClInclude Include="src\AddHook.h">
      <Filter>Source Files</Filter>
    </ClInclude>
    <ClInclude Include="src\AddHookScreenAndStore.h">
      <Filter>Source Files</Filter>
    </ClInclude>
    <ClInclude Include="src\AddHookScreenOut.h">
      <Filter>Source Files</Filter>
    </ClInclude>
    <ClInclude Include="src\AddHookStoreOut.h">
      <Filter>Source Files</Filter>
    </ClInclude>
    <ClInclude Include="src\AdditivePC.h">
      <Filter>Source Files</Filter>
    </ClInclude>
    <ClInclude Include="src\AlgoDecorator.h">
      <Filter>Source Files</Filter>
    </ClInclude>
    <ClInclude Include="src\AlgoDecoratorBase.h">
      <Filter>Source Files</Filter>
    </ClInclude>
    <ClInclude Include="src\AlgoDecoratorWriteLinks.h">
      <Filter>Source Files</Filter>
    </ClInclude>
    <ClInclude Include="src\AONAssignment.h">
      <Filter>Source Files</Filter>
    </ClInclude>
    <ClInclude Include="src\AONBushBased.h">
      <Filter>Source Files</Filter>
    </ClInclude>
    <ClInclude Include="src\AONNonAdditive.h">
      <Filter>Source Files</Filter>
    </ClInclude>
    <ClInclude Include="src\AONUsual.h">
      <Filter>Source Files</Filter>
    </ClInclude>
    <ClInclude Include="src\Armijo.h">
      <Filter>Source Files</Filter>
    </ClInclude>
    <ClInclude Include="src\Astar.h">
      <Filter>Source Files</Filter>
    </ClInclude>
    <ClInclude Include="src\AstarWithoutZoneSkip.h">
      <Filter>Source Files</Filter>
    </ClInclude>
    <ClInclude Include="src\BiDirectionalPoint2PointBSP.h">
      <Filter>Source Files</Filter>
    </ClInclude>
    <ClInclude Include="src\BiObjLabel.h">
      <Filter>Source Files</Filter>
    </ClInclude>
    <ClInclude Include="src\BiObjLabelContainer.h">
      <Filter>Source Files</Filter>
    </ClInclude>
    <ClInclude Include="src\Bisection.h">
      <Filter>Source Files</Filter>
    </ClInclude>
    <ClInclude Include="src\BoundsCalculatorForBackwardNet.h">
      <Filter>Source Files</Filter>
    </ClInclude>
    <ClInclude Include="src\BoundsCalculatorForBSP.h">
      <Filter>Source Files</Filter>
    </ClInclude>
    <ClInclude Include="src\BoundsCalculatorForBSPBase.h">
      <Filter>Source Files</Filter>
    </ClInclude>
    <ClInclude Include="src\BoundsCalculatorWithTimeUpdate.h">
      <Filter>Source Files</Filter>
    </ClInclude>
    <ClInclude Include="src\BprFnc.h">
      <Filter>Source Files</Filter>
    </ClInclude>
    <ClInclude Include="src\ConcaveIndiffCurve.h">
      <Filter>Source Files</Filter>
    </ClInclude>
    <ClInclude Include="src\Constants.h">
      <Filter>Source Files</Filter>
    </ClInclude>
    <ClInclude Include="src\ConstFnc.h">
      <Filter>Source Files</Filter>
    </ClInclude>
    <ClInclude Include="src\ConvexIndiffCurve.h">
      <Filter>Source Files</Filter>
    </ClInclude>
    <ClInclude Include="src\ConvMeasure.h">
      <Filter>Source Files</Filter>
    </ClInclude>
    <ClInclude Include="src\CurrentPathsAdder.h">
      <Filter>Source Files</Filter>
    </ClInclude>
    <ClInclude Include="src\DAGraph.h">
      <Filter>Source Files</Filter>
    </ClInclude>
    <ClInclude Include="src\DAGraphB.h">
      <Filter>Source Files</Filter>
    </ClInclude>
    <ClInclude Include="src\DAGraphBWithStep.h">
      <Filter>Source Files</Filter>
    </ClInclude>
    <ClInclude Include="src\DAGraphLUCE.h">
      <Filter>Source Files</Filter>
    </ClInclude>
    <ClInclude Include="src\DAGraphNode.h">
      <Filter>Source Files</Filter>
    </ClInclude>
    <ClInclude Include="src\DAGraphTapas.h">
      <Filter>Source Files</Filter>
    </ClInclude>
    <ClInclude Include="src\DecoratedEqAlgo.h">
      <Filter>Source Files</Filter>
    </ClInclude>
    <ClInclude Include="src\DefaultNetParser.h">
      <Filter>Source Files</Filter>
    </ClInclude>
    <ClInclude Include="src\DefaultODMatrixParser.h">
      <Filter>Source Files</Filter>
    </ClInclude>
    <ClInclude Include="src\Derivative.h">
      <Filter>Source Files</Filter>
    </ClInclude>
    <ClInclude Include="src\DescDirection.h">
      <Filter>Source Files</Filter>
    </ClInclude>
    <ClInclude Include="src\DescDirectionPath.h">
      <Filter>Source Files</Filter>
    </ClInclude>
    <ClInclude Include="src\DescDirectionPathGP.h">
      <Filter>Source Files</Filter>
    </ClInclude>
    <ClInclude Include="src\DescDirectionPathISP.h">
      <Filter>Source Files</Filter>
    </ClInclude>
    <ClInclude Include="src\DescDirectionPathPE.h">
      <Filter>Source Files</Filter>
    </ClInclude>
    <ClInclude Include="src\DescDirectionPathPG.h">
      <Filter>Source Files</Filter>
    </ClInclude>
    <ClInclude Include="src\DescDirectionPathScaled.h">
      <Filter>Source Files</Filter>
    </ClInclude>
    <ClInclude Include="src\DiffKMLNetOutput.h">
      <Filter>Source Files</Filter>
    </ClInclude>
    <ClInclude Include="src\DominationByPathCost.h">
      <Filter>Source Files</Filter>
    </ClInclude>
    <ClInclude Include="src\DominationByPathCostBase.h">
      <Filter>Source Files</Filter>
    </ClInclude>
    <ClInclude Include="src\EqAlgo.h">
      <Filter>Source Files</Filter>
    </ClInclude>
    <ClInclude Include="src\Error.h">
      <Filter>Source Files</Filter>
    </ClInclude>
    <ClInclude Include="src\FileReader.h">
      <Filter>Source Files</Filter>
    </ClInclude>
    <ClInclude Include="src\FileWriter.h">
      <Filter>Source Files</Filter>
    </ClInclude>
    <ClInclude Include="src\FWAlgo.h">
      <Filter>Source Files</Filter>
    </ClInclude>
    <ClInclude Include="src\IndiffCurve.h">
      <Filter>Source Files</Filter>
    </ClInclude>
    <ClInclude Include="src\IndiffCurveContainer.h">
      <Filter>Source Files</Filter>
    </ClInclude>
    <ClInclude Include="src\IndiffCurveContainerConcaveCurve.h">
      <Filter>Source Files</Filter>
    </ClInclude>
    <ClInclude Include="src\IndiffCurveContainerConvexCurve.h">
      <Filter>Source Files</Filter>
    </ClInclude>
    <ClInclude Include="src\IndiffCurveContainerLinearCurve.h">
      <Filter>Source Files</Filter>
    </ClInclude>
    <ClInclude Include="src\InitialiseSolution.h">
      <Filter>Source Files</Filter>
    </ClInclude>
    <ClInclude Include="src\KMLNetOutput.h">
      <Filter>Source Files</Filter>
    </ClInclude>
    <ClInclude Include="src\KMLPlotTolls.h">
      <Filter>Source Files</Filter>
    </ClInclude>
    <ClInclude Include="src\KMLSelectLink.h">
      <Filter>Source Files</Filter>
    </ClInclude>
    <ClInclude Include="src\LabelCorrectingAl.h">
      <Filter>Source Files</Filter>
    </ClInclude>
    <ClInclude Include="src\LabelCorrectingAlWithoutZonesCheck.h">
      <Filter>Source Files</Filter>
    </ClInclude>
    <ClInclude Include="src\LabelSettingBSPBase.h">
      <Filter>Source Files</Filter>
    </ClInclude>
    <ClInclude Include="src\LabelSettingOneSourceBSP.h">
      <Filter>Source Files</Filter>
    </ClInclude>
    <ClInclude Include="src\LabelSettingPoint2PointBSP.h">
      <Filter>Source Files</Filter>
    </ClInclude>
    <ClInclude Include="src\LatexNetOutput.h">
      <Filter>Source Files</Filter>
    </ClInclude>
    <ClInclude Include="src\LatexNetOutputLinksExploredInBSP.h">
      <Filter>Source Files</Filter>
    </ClInclude>
    <ClInclude Include="src\LazyShortestPath.h">
      <Filter>Source Files</Filter>
    </ClInclude>
    <ClInclude Include="src\LexOptComparison.h">
      <Filter>Source Files</Filter>
    </ClInclude>
    <ClInclude Include="src\LinearFnc.h">
      <Filter>Source Files</Filter>
    </ClInclude>
    <ClInclude Include="src\LinearIndiffCurve.h">
      <Filter>Source Files</Filter>
    </ClInclude>
    <ClInclude Include="src\LineSearch.h">
      <Filter>Source Files</Filter>
    </ClInclude>
    <ClInclude Include="src\LinkFlows.h">
      <Filter>Source Files</Filter>
    </ClInclude>
    <ClInclude Include="src\LinkFlowsBFW.h">
      <Filter>Source Files</Filter>
    </ClInclude>
    <ClInclude Include="src\LinkFlowsCFW.h">
      <Filter>Source Files</Filter>
    </ClInclude>
    <ClInclude Include="src\LinkFnc.h">
      <Filter>Source Files</Filter>
    </ClInclude>
    <ClInclude Include="src\LinkFncContainer.h">
      <Filter>Source Files</Filter>
    </ClInclude>
    <ClInclude Include="src\MaxDiffConvMeasure.h">
      <Filter>Source Files</Filter>
    </ClInclude>
    <ClInclude Include="src\NetOutput.h">
      <Filter>Source Files</Filter>
    </ClInclude>
    <ClInclude Include="src\NonAdditivePC.h">
      <Filter>Source Files</Filter>
    </ClInclude>
    <ClInclude Include="src\NonAddParser.h">
      <Filter>Source Files</Filter>
    </ClInclude>
    <ClInclude Include="src\NonAddShortestPath.h">
      <Filter>Source Files</Filter>
    </ClInclude>
    <ClInclude Include="src\NonAddShortestPathForAON.h">
      <Filter>Source Files</Filter>
    </ClInclude>
    <ClInclude Include="src\NonAddShortestPathWithLazyBSP.h">
      <Filter>Source Files</Filter>
    </ClInclude>
    <ClInclude Include="src\NoPathsAdder.h">
      <Filter>Source Files</Filter>
    </ClInclude>
    <ClInclude Include="src\ObjectManager.h">
      <Filter>Source Files</Filter>
    </ClInclude>
    <ClInclude Include="src\ODMatrix.h">
      <Filter>Source Files</Filter>
    </ClInclude>
    <ClInclude Include="src\ODSet.h">
      <Filter>Source Files</Filter>
    </ClInclude>
    <ClInclude Include="src\ODSetGPApp3.h">
      <Filter>Source Files</Filter>
    </ClInclude>
    <ClInclude Include="src\ODSetWithStep.h">
      <Filter>Source Files</Filter>
    </ClInclude>
    <ClInclude Include="src\OneSourceBiObjShPath.h">
      <Filter>Source Files</Filter>
    </ClInclude>
    <ClInclude Include="src\Origin.h">
      <Filter>Source Files</Filter>
    </ClInclude>
    <ClInclude Include="src\OriginBasedAlgo.h">
      <Filter>Source Files</Filter>
    </ClInclude>
    <ClInclude Include="src\OriginBasedAlgoEQII.h">
      <Filter>Source Files</Filter>
    </ClInclude>
    <ClInclude Include="src\OriginBasedAlgoTapas.h">
      <Filter>Source Files</Filter>
    </ClInclude>
    <ClInclude Include="src\OriginBasedAlgoTapasEqII.h">
      <Filter>Source Files</Filter>
    </ClInclude>
    <ClInclude Include="src\OriginBush.h">
      <Filter>Source Files</Filter>
    </ClInclude>
    <ClInclude Include="src\OriginBushB.h">
      <Filter>Source Files</Filter>
    </ClInclude>
    <ClInclude Include="src\OriginBushLUCE.h">
      <Filter>Source Files</Filter>
    </ClInclude>
    <ClInclude Include="src\OriginBushTapas.h">
      <Filter>Source Files</Filter>
    </ClInclude>
    <ClInclude Include="src\OriginSet.h">
      <Filter>Source Files</Filter>
    </ClInclude>
    <ClInclude Include="src\PairOD.h">
      <Filter>Source Files</Filter>
    </ClInclude>
    <ClInclude Include="src\Params.h">
      <Filter>Source Files</Filter>
    </ClInclude>
    <ClInclude Include="src\ParseIndiffCurves.h">
      <Filter>Source Files</Filter>
    </ClInclude>
    <ClInclude Include="src\ParseParams.h">
      <Filter>Source Files</Filter>
    </ClInclude>
    <ClInclude Include="src\ParseSpecificIndiffCurves.h">
      <Filter>Source Files</Filter>
    </ClInclude>
    <ClInclude Include="src\PAS.h">
      <Filter>Source Files</Filter>
    </ClInclude>
    <ClInclude Include="src\PASManager.h">
      <Filter>Source Files</Filter>
    </ClInclude>
    <ClInclude Include="src\PASManagerWithStep.h">
      <Filter>Source Files</Filter>
    </ClInclude>
    <ClInclude Include="src\PASWithStep.h">
      <Filter>Source Files</Filter>
    </ClInclude>
    <ClInclude Include="src\Path.h">
      <Filter>Source Files</Filter>
    </ClInclude>
    <ClInclude Include="src\PathAndDirection.h">
      <Filter>Source Files</Filter>
    </ClInclude>
    <ClInclude Include="src\PathBasedAlgo.h">
      <Filter>Source Files</Filter>
    </ClInclude>
    <ClInclude Include="src\PathBasedAlgoEqII.h">
      <Filter>Source Files</Filter>
    </ClInclude>
    <ClInclude Include="src\PathBasedFlowMove.h">
      <Filter>Source Files</Filter>
    </ClInclude>
    <ClInclude Include="src\PathBasedFlowMoveGP.h">
      <Filter>Source Files</Filter>
    </ClInclude>
    <ClInclude Include="src\PathBasedFlowMovePE.h">
      <Filter>Source Files</Filter>
    </ClInclude>
    <ClInclude Include="src\PathBasedFlowMoveWithStep.h">
      <Filter>Source Files</Filter>
    </ClInclude>
    <ClInclude Include="src\PathCost.h">
      <Filter>Source Files</Filter>
    </ClInclude>
    <ClInclude Include="src\PathsAdder.h">
      <Filter>Source Files</Filter>
    </ClInclude>
    <ClInclude Include="src\PathSet.h">
      <Filter>Source Files</Filter>
    </ClInclude>
    <ClInclude Include="src\PathSetParser.h">
      <Filter>Source Files</Filter>
    </ClInclude>
    <ClInclude Include="src\PathSetPrinterToFile.h">
      <Filter>Source Files</Filter>
    </ClInclude>
    <ClInclude Include="src\PieceWiseLinearIndiffCurve.h">
      <Filter>Source Files</Filter>
    </ClInclude>
    <ClInclude Include="src\Point2PointBiObjShPath.h">
      <Filter>Source Files</Filter>
    </ClInclude>
    <ClInclude Include="src\QuadApp.h">
      <Filter>Source Files</Filter>
    </ClInclude>
    <ClInclude Include="src\RelGap.h">
      <Filter>Source Files</Filter>
    </ClInclude>
    <ClInclude Include="src\ReverseNetwork.h">
      <Filter>Source Files</Filter>
    </ClInclude>
    <ClInclude Include="src\ReverseNetworkWithTolls.h">
      <Filter>Source Files</Filter>
    </ClInclude>
    <ClInclude Include="src\ShortestPath.h">
      <Filter>Source Files</Filter>
    </ClInclude>
    <ClInclude Include="src\ShortestPathAdder.h">
      <Filter>Source Files</Filter>
    </ClInclude>
    <ClInclude Include="src\ShortestPathWithRandomReturn.h">
      <Filter>Source Files</Filter>
    </ClInclude>
    <ClInclude Include="src\ShortestPathWithRandomReturnWithFixedProbability.h">
      <Filter>Source Files</Filter>
    </ClInclude>
    <ClInclude Include="src\StarLink.h">
      <Filter>Source Files</Filter>
    </ClInclude>
    <ClInclude Include="src\StarLinkTolls.h">
      <Filter>Source Files</Filter>
    </ClInclude>
    <ClInclude Include="src\StarLinkWithReverseLink.h">
      <Filter>Source Files</Filter>
    </ClInclude>
    <ClInclude Include="src\StarLinkWithTolls.h">
      <Filter>Source Files</Filter>
    </ClInclude>
    <ClInclude Include="src\StarNetwork.h">
      <Filter>Source Files</Filter>
    </ClInclude>
    <ClInclude Include="src\StarNetworkWithTolls.h">
      <Filter>Source Files</Filter>
    </ClInclude>
    <ClInclude Include="src\StarNode.h">
      <Filter>Source Files</Filter>
    </ClInclude>
    <ClInclude Include="src\StepSize.h">
      <Filter>Source Files</Filter>
    </ClInclude>
    <ClInclude Include="src\StepSizeAdd.h">
      <Filter>Source Files</Filter>
    </ClInclude>
    <ClInclude Include="src\Timer.h">
      <Filter>Source Files</Filter>
    </ClInclude>
    <ClInclude Include="src\TollsManagement.h">
      <Filter>Source Files</Filter>
    </ClInclude>
    <ClInclude Include="src\UsedTypes.h">
      <Filter>Source Files</Filter>
    </ClInclude>
    <ClInclude Include="src\Utils.h">
      <Filter>Source Files</Filter>
    </ClInclude>
    <ClInclude Include="src\UtilsForDomination.h">
      <Filter>Source Files</Filter>
    </ClInclude>
    <ClInclude Include="src\UtilsString.h">
      <Filter>Source Files</Filter>
    </ClInclude>
  </ItemGroup>
  <ItemGroup>
    <ClCompile Include="src\AdditivePC.cpp">
      <Filter>Source Files</Filter>
    </ClCompile>
    <ClCompile Include="src\AlgoDecorator.cpp">
      <Filter>Source Files</Filter>
    </ClCompile>
    <ClCompile Include="src\AlgoDecoratorWriteLinks.cpp">
      <Filter>Source Files</Filter>
    </ClCompile>
    <ClCompile Include="src\AONAssignment.cpp">
      <Filter>Source Files</Filter>
    </ClCompile>
    <ClCompile Include="src\AONBushBased.cpp">
      <Filter>Source Files</Filter>
    </ClCompile>
    <ClCompile Include="src\AONNonAdditive.cpp">
      <Filter>Source Files</Filter>
    </ClCompile>
    <ClCompile Include="src\AONUsual.cpp">
      <Filter>Source Files</Filter>
    </ClCompile>
    <ClCompile Include="src\Armijo.cpp">
      <Filter>Source Files</Filter>
    </ClCompile>
    <ClCompile Include="src\Astar.cpp">
      <Filter>Source Files</Filter>
    </ClCompile>
    <ClCompile Include="src\AstarWithoutZoneSkip.cpp">
      <Filter>Source Files</Filter>
    </ClCompile>
    <ClCompile Include="src\BiDirectionalPoint2PointBSP.cpp">
      <Filter>Source Files</Filter>
    </ClCompile>
    <ClCompile Include="src\BiObjLabel.cpp">
      <Filter>Source Files</Filter>
    </ClCompile>
    <ClCompile Include="src\BiObjLabelContainer.cpp">
      <Filter>Source Files</Filter>
    </ClCompile>
    <ClCompile Include="src\Bisection.cpp">
      <Filter>Source Files</Filter>
    </ClCompile>
    <ClCompile Include="src\BoundsCalculatorForBackwardNet.cpp">
      <Filter>Source Files</Filter>
    </ClCompile>
    <ClCompile Include="src\BoundsCalculatorForBSP.cpp">
      <Filter>Source Files</Filter>
    </ClCompile>
    <ClCompile Include="src\BoundsCalculatorForBSPBase.cpp">
      <Filter>Source Files</Filter>
    </ClCompile>
    <ClCompile Include="src\BoundsCalculatorWithTimeUpdate.cpp">
      <Filter>Source Files</Filter>
    </ClCompile>
    <ClCompile Include="src\BprFnc.cpp">
      <Filter>Source Files</Filter>
    </ClCompile>
    <ClCompile Include="src\ConcaveIndiffCurve.cpp">
      <Filter>Source Files</Filter>
    </ClCompile>
    <ClCompile Include="src\ConstFnc.cpp">
      <Filter>Source Files</Filter>
    </ClCompile>
    <ClCompile Include="src\ConvexIndiffCurve.cpp">
      <Filter>Source Files</Filter>
    </ClCompile>
    <ClCompile Include="src\CurrentPathsAdder.cpp">
      <Filter>Source Files</Filter>
    </ClCompile>
    <ClCompile Include="src\DAGraph.cpp">
      <Filter>Source Files</Filter>
    </ClCompile>
    <ClCompile Include="src\DAGraphB.cpp">
      <Filter>Source Files</Filter>
    </ClCompile>
    <ClCompile Include="src\DAGraphBWithStep.cpp">
      <Filter>Source Files</Filter>
    </ClCompile>
    <ClCompile Include="src\DAGraphLUCE.cpp">
      <Filter>Source Files</Filter>
    </ClCompile>
    <ClCompile Include="src\DAGraphTapas.cpp">
      <Filter>Source Files</Filter>
    </ClCompile>
    <ClCompile Include="src\DefaultNetParser.cpp">
      <Filter>Source Files</Filter>
    </ClCompile>
    <ClCompile Include="src\DefaultODMatrixParser.cpp">
      <Filter>Source Files</Filter>
    </ClCompile>
    <ClCompile Include="src\Derivative.cpp">
      <Filter>Source Files</Filter>
    </ClCompile>
    <ClCompile Include="src\DescDirectionPathGP.cpp">
      <Filter>Source Files</Filter>
    </ClCompile>
    <ClCompile Include="src\DescDirectionPathISP.cpp">
      <Filter>Source Files</Filter>
    </ClCompile>
    <ClCompile Include="src\DescDirectionPathPE.cpp">
      <Filter>Source Files</Filter>
    </ClCompile>
    <ClCompile Include="src\DescDirectionPathPG.cpp">
      <Filter>Source Files</Filter>
    </ClCompile>
    <ClCompile Include="src\DescDirectionPathScaled.cpp">
      <Filter>Source Files</Filter>
    </ClCompile>
    <ClCompile Include="src\DiffKMLNetOutput.cpp">
      <Filter>Source Files</Filter>
    </ClCompile>
    <ClCompile Include="src\DominationByPathCost.cpp">
      <Filter>Source Files</Filter>
    </ClCompile>
    <ClCompile Include="src\DominationByPathCostBase.cpp">
      <Filter>Source Files</Filter>
    </ClCompile>
    <ClCompile Include="src\EqAlgo.cpp">
      <Filter>Source Files</Filter>
    </ClCompile>
    <ClCompile Include="src\Error.cpp">
      <Filter>Source Files</Filter>
    </ClCompile>
    <ClCompile Include="src\FileReader.cpp">
      <Filter>Source Files</Filter>
    </ClCompile>
    <ClCompile Include="src\FileWriter.cpp">
      <Filter>Source Files</Filter>
    </ClCompile>
    <ClCompile Include="src\FWAlgo.cpp">
      <Filter>Source Files</Filter>
    </ClCompile>
    <ClCompile Include="src\IndiffCurveContainer.cpp">
      <Filter>Source Files</Filter>
    </ClCompile>
    <ClCompile Include="src\IndiffCurveContainerConcaveCurve.cpp">
      <Filter>Source Files</Filter>
    </ClCompile>
    <ClCompile Include="src\IndiffCurveContainerConvexCurve.cpp">
      <Filter>Source Files</Filter>
    </ClCompile>
    <ClCompile Include="src\IndiffCurveContainerLinearCurve.cpp">
      <Filter>Source Files</Filter>
    </ClCompile>
    <ClCompile Include="src\KMLNetOutput.cpp">
      <Filter>Source Files</Filter>
    </ClCompile>
    <ClCompile Include="src\KMLPlotTolls.cpp">
      <Filter>Source Files</Filter>
    </ClCompile>
    <ClCompile Include="src\KMLSelectLink.cpp">
      <Filter>Source Files</Filter>
    </ClCompile>
    <ClCompile Include="src\LabelCorrectingAl.cpp">
      <Filter>Source Files</Filter>
    </ClCompile>
    <ClCompile Include="src\LabelCorrectingAlWithoutZonesCheck.cpp">
      <Filter>Source Files</Filter>
    </ClCompile>
    <ClCompile Include="src\LabelSettingBSPBase.cpp">
      <Filter>Source Files</Filter>
    </ClCompile>
    <ClCompile Include="src\LabelSettingOneSourceBSP.cpp">
      <Filter>Source Files</Filter>
    </ClCompile>
    <ClCompile Include="src\LabelSettingPoint2PointBSP.cpp">
      <Filter>Source Files</Filter>
    </ClCompile>
    <ClCompile Include="src\LatexNetOutput.cpp">
      <Filter>Source Files</Filter>
    </ClCompile>
    <ClCompile Include="src\LatexNetOutputLinksExploredInBSP.cpp">
      <Filter>Source Files</Filter>
    </ClCompile>
    <ClCompile Include="src\LazyShortestPath.cpp">
      <Filter>Source Files</Filter>
    </ClCompile>
    <ClCompile Include="src\LexOptComparison.cpp">
      <Filter>Source Files</Filter>
    </ClCompile>
    <ClCompile Include="src\LinearFnc.cpp">
      <Filter>Source Files</Filter>
    </ClCompile>
    <ClCompile Include="src\LinearIndiffCurve.cpp">
      <Filter>Source Files</Filter>
    </ClCompile>
    <ClCompile Include="src\LinkFlows.cpp">
      <Filter>Source Files</Filter>
    </ClCompile>
    <ClCompile Include="src\LinkFlowsBFW.cpp">
      <Filter>Source Files</Filter>
    </ClCompile>
    <ClCompile Include="src\LinkFlowsCFW.cpp">
      <Filter>Source Files</Filter>
    </ClCompile>
    <ClCompile Include="src\LinkFncContainer.cpp">
      <Filter>Source Files</Filter>
    </ClCompile>
    <ClCompile Include="src\main.cpp">
      <Filter>Source Files</Filter>
    </ClCompile>
    <ClCompile Include="src\MaxDiffConvMeasure.cpp">
      <Filter>Source Files</Filter>
    </ClCompile>
    <ClCompile Include="src\NetOutput.cpp">
      <Filter>Source Files</Filter>
    </ClCompile>
    <ClCompile Include="src\NonAdditivePC.cpp">
      <Filter>Source Files</Filter>
    </ClCompile>
    <ClCompile Include="src\NonAddParser.cpp">
      <Filter>Source Files</Filter>
    </ClCompile>
    <ClCompile Include="src\NonAddShortestPath.cpp">
      <Filter>Source Files</Filter>
    </ClCompile>
    <ClCompile Include="src\NonAddShortestPathForAON.cpp">
      <Filter>Source Files</Filter>
    </ClCompile>
    <ClCompile Include="src\NonAddShortestPathWithLazyBSP.cpp">
      <Filter>Source Files</Filter>
    </ClCompile>
    <ClCompile Include="src\NoPathsAdder.cpp">
      <Filter>Source Files</Filter>
    </ClCompile>
    <ClCompile Include="src\ObjectManager.cpp">
      <Filter>Source Files</Filter>
    </ClCompile>
    <ClCompile Include="src\ODMatrix.cpp">
      <Filter>Source Files</Filter>
    </ClCompile>
    <ClCompile Include="src\ODSet.cpp">
      <Filter>Source Files</Filter>
    </ClCompile>
    <ClCompile Include="src\ODSetGPApp3.cpp">
      <Filter>Source Files</Filter>
    </ClCompile>
    <ClCompile Include="src\ODSetWithStep.cpp">
      <Filter>Source Files</Filter>
    </ClCompile>
    <ClCompile Include="src\Origin.cpp">
      <Filter>Source Files</Filter>
    </ClCompile>
    <ClCompile Include="src\OriginBasedAlgo.cpp">
      <Filter>Source Files</Filter>
    </ClCompile>
    <ClCompile Include="src\OriginBasedAlgoEQII.cpp">
      <Filter>Source Files</Filter>
    </ClCompile>
    <ClCompile Include="src\OriginBasedAlgoTapas.cpp">
      <Filter>Source Files</Filter>
    </ClCompile>
    <ClCompile Include="src\OriginBasedAlgoTapasEqII.cpp">
      <Filter>Source Files</Filter>
    </ClCompile>
    <ClCompile Include="src\OriginBush.cpp">
      <Filter>Source Files</Filter>
    </ClCompile>
    <ClCompile Include="src\OriginBushB.cpp">
      <Filter>Source Files</Filter>
    </ClCompile>
    <ClCompile Include="src\OriginBushLUCE.cpp">
      <Filter>Source Files</Filter>
    </ClCompile>
    <ClCompile Include="src\OriginBushTapas.cpp">
      <Filter>Source Files</Filter>
    </ClCompile>
    <ClCompile Include="src\OriginSet.cpp">
      <Filter>Source Files</Filter>
    </ClCompile>
    <ClCompile Include="src\PairOD.cpp">
      <Filter>Source Files</Filter>
    </ClCompile>
    <ClCompile Include="src\Params.cpp">
      <Filter>Source Files</Filter>
    </ClCompile>
    <ClCompile Include="src\ParseIndiffCurves.cpp">
      <Filter>Source Files</Filter>
    </ClCompile>
    <ClCompile Include="src\ParseParams.cpp">
      <Filter>Source Files</Filter>
    </ClCompile>
    <ClCompile Include="src\ParseSpecificIndiffCurves.cpp">
      <Filter>Source Files</Filter>
    </ClCompile>
    <ClCompile Include="src\PAS.cpp">
      <Filter>Source Files</Filter>
    </ClCompile>
    <ClCompile Include="src\PASManager.cpp">
      <Filter>Source Files</Filter>
    </ClCompile>
    <ClCompile Include="src\PASManagerWithStep.cpp">
      <Filter>Source Files</Filter>
    </ClCompile>
    <ClCompile Include="src\PASWithStep.cpp">
      <Filter>Source Files</Filter>
    </ClCompile>
    <ClCompile Include="src\Path.cpp">
      <Filter>Source Files</Filter>
    </ClCompile>
    <ClCompile Include="src\PathAndDirection.cpp">
      <Filter>Source Files</Filter>
    </ClCompile>
    <ClCompile Include="src\PathBasedAlgo.cpp">
      <Filter>Source Files</Filter>
    </ClCompile>
    <ClCompile Include="src\PathBasedAlgoEqII.cpp">
      <Filter>Source Files</Filter>
    </ClCompile>
    <ClCompile Include="src\PathBasedFlowMove.cpp">
      <Filter>Source Files</Filter>
    </ClCompile>
    <ClCompile Include="src\PathBasedFlowMoveGP.cpp">
      <Filter>Source Files</Filter>
    </ClCompile>
    <ClCompile Include="src\PathBasedFlowMovePE.cpp">
      <Filter>Source Files</Filter>
    </ClCompile>
    <ClCompile Include="src\PathBasedFlowMoveWithStep.cpp">
      <Filter>Source Files</Filter>
    </ClCompile>
    <ClCompile Include="src\PathSet.cpp">
      <Filter>Source Files</Filter>
    </ClCompile>
    <ClCompile Include="src\PathSetParser.cpp">
      <Filter>Source Files</Filter>
    </ClCompile>
    <ClCompile Include="src\PathSetPrinterToFile.cpp">
      <Filter>Source Files</Filter>
    </ClCompile>
    <ClCompile Include="src\PieceWiseLinearIndiffCurve.cpp">
      <Filter>Source Files</Filter>
    </ClCompile>
    <ClCompile Include="src\QuadApp.cpp">
      <Filter>Source Files</Filter>
    </ClCompile>
    <ClCompile Include="src\RelGap.cpp">
      <Filter>Source Files</Filter>
    </ClCompile>
    <ClCompile Include="src\ReverseNetwork.cpp">
      <Filter>Source Files</Filter>
    </ClCompile>
    <ClCompile Include="src\ReverseNetworkWithTolls.cpp">
      <Filter>Source Files</Filter>
    </ClCompile>
    <ClCompile Include="src\ShortestPathAdder.cpp">
      <Filter>Source Files</Filter>
    </ClCompile>
    <ClCompile Include="src\ShortestPathWithRandomReturn.cpp">
      <Filter>Source Files</Filter>
    </ClCompile>
    <ClCompile Include="src\ShortestPathWithRandomReturnWithFixedProbability.cpp">
      <Filter>Source Files</Filter>
    </ClCompile>
    <ClCompile Include="src\StarLink.cpp">
      <Filter>Source Files</Filter>
    </ClCompile>
    <ClCompile Include="src\StarLinkTolls.cpp">
      <Filter>Source Files</Filter>
    </ClCompile>
    <ClCompile Include="src\StarLinkWithReverseLink.cpp">
      <Filter>Source Files</Filter>
    </ClCompile>
    <ClCompile Include="src\StarLinkWithTolls.cpp">
      <Filter>Source Files</Filter>
    </ClCompile>
    <ClCompile Include="src\StarNetwork.cpp">
      <Filter>Source Files</Filter>
    </ClCompile>
    <ClCompile Include="src\StarNetworkWithTolls.cpp">
      <Filter>Source Files</Filter>
    </ClCompile>
    <ClCompile Include="src\StarNode.cpp">
      <Filter>Source Files</Filter>
    </ClCompile>
    <ClCompile Include="src\StepSize.cpp">
      <Filter>Source Files</Filter>
    </ClCompile>
    <ClCompile Include="src\StepSizeAdd.cpp">
      <Filter>Source Files</Filter>
    </ClCompile>
    <ClCompile Include="src\Timer.cpp">
      <Filter>Source Files</Filter>
    </ClCompile>
    <ClCompile Include="src\TollsManagement.cpp">
      <Filter>Source Files</Filter>
    </ClCompile>
    <ClCompile Include="src\Utils.cpp">
      <Filter>Source Files</Filter>
    </ClCompile>
    <ClCompile Include="src\UtilsForDomination.cpp">
      <Filter>Source Files</Filter>
    </ClCompile>
    <ClCompile Include="src\UtilsString.cpp">
      <Filter>Source Files</Filter>
    </ClCompile>
  </ItemGroup>
</Project>